
Microsoft Visual Studio Solution File, Format Version 12.00
# Visual Studio Version 17
VisualStudioVersion = 17.0.31903.59
MinimumVisualStudioVersion = 10.0.40219.1
Project("{2150E333-8FDC-42A3-9474-1A3956D46DE8}") = "src", "src", "{827E0CD3-B72D-47B6-A68D-7590B98EB39B}"
EndProject
Project("{FAE04EC0-301F-11D3-BF4B-00C04F79EFBC}") = "LiftLog.App", "src\LiftLog.App\LiftLog.App.csproj", "{0FC2575C-0C2B-45FB-B2AB-1835FDAC4158}"
EndProject
Project("{2150E333-8FDC-42A3-9474-1A3956D46DE8}") = "tests", "tests", "{0AB3BF05-4346-4AA6-1389-037BE0695223}"
EndProject
Project("{FAE04EC0-301F-11D3-BF4B-00C04F79EFBC}") = "LiftLog.Tests", "tests\LiftLog.Tests\LiftLog.Tests.csproj", "{971682D0-E34F-4943-B70A-4A8D2B7528AD}"
EndProject
Project("{FAE04EC0-301F-11D3-BF4B-00C04F79EFBC}") = "LiftLog.Core", "src\LiftLog.Core\LiftLog.Core.csproj", "{190B7C22-3E81-4F36-84E8-28A643E96C38}"
EndProject
Global
	GlobalSection(SolutionConfigurationPlatforms) = preSolution
		Debug|Any CPU = Debug|Any CPU
		Debug|x64 = Debug|x64
		Debug|x86 = Debug|x86
		Release|Any CPU = Release|Any CPU
		Release|x64 = Release|x64
		Release|x86 = Release|x86
	EndGlobalSection
	GlobalSection(ProjectConfigurationPlatforms) = postSolution
		{0FC2575C-0C2B-45FB-B2AB-1835FDAC4158}.Debug|Any CPU.ActiveCfg = Debug|Any CPU
		{0FC2575C-0C2B-45FB-B2AB-1835FDAC4158}.Debug|Any CPU.Build.0 = Debug|Any CPU
		{0FC2575C-0C2B-45FB-B2AB-1835FDAC4158}.Debug|x64.ActiveCfg = Debug|Any CPU
		{0FC2575C-0C2B-45FB-B2AB-1835FDAC4158}.Debug|x64.Build.0 = Debug|Any CPU
		{0FC2575C-0C2B-45FB-B2AB-1835FDAC4158}.Debug|x86.ActiveCfg = Debug|Any CPU
		{0FC2575C-0C2B-45FB-B2AB-1835FDAC4158}.Debug|x86.Build.0 = Debug|Any CPU
		{0FC2575C-0C2B-45FB-B2AB-1835FDAC4158}.Release|Any CPU.ActiveCfg = Release|Any CPU
		{0FC2575C-0C2B-45FB-B2AB-1835FDAC4158}.Release|Any CPU.Build.0 = Release|Any CPU
		{0FC2575C-0C2B-45FB-B2AB-1835FDAC4158}.Release|x64.ActiveCfg = Release|Any CPU
		{0FC2575C-0C2B-45FB-B2AB-1835FDAC4158}.Release|x64.Build.0 = Release|Any CPU
		{0FC2575C-0C2B-45FB-B2AB-1835FDAC4158}.Release|x86.ActiveCfg = Release|Any CPU
		{0FC2575C-0C2B-45FB-B2AB-1835FDAC4158}.Release|x86.Build.0 = Release|Any CPU
		{971682D0-E34F-4943-B70A-4A8D2B7528AD}.Debug|Any CPU.ActiveCfg = Debug|Any CPU
		{971682D0-E34F-4943-B70A-4A8D2B7528AD}.Debug|Any CPU.Build.0 = Debug|Any CPU
		{971682D0-E34F-4943-B70A-4A8D2B7528AD}.Debug|x64.ActiveCfg = Debug|Any CPU
		{971682D0-E34F-4943-B70A-4A8D2B7528AD}.Debug|x64.Build.0 = Debug|Any CPU
		{971682D0-E34F-4943-B70A-4A8D2B7528AD}.Debug|x86.ActiveCfg = Debug|Any CPU
		{971682D0-E34F-4943-B70A-4A8D2B7528AD}.Debug|x86.Build.0 = Debug|Any CPU
		{971682D0-E34F-4943-B70A-4A8D2B7528AD}.Release|Any CPU.ActiveCfg = Release|Any CPU
		{971682D0-E34F-4943-B70A-4A8D2B7528AD}.Release|Any CPU.Build.0 = Release|Any CPU
		{971682D0-E34F-4943-B70A-4A8D2B7528AD}.Release|x64.ActiveCfg = Release|Any CPU
		{971682D0-E34F-4943-B70A-4A8D2B7528AD}.Release|x64.Build.0 = Release|Any CPU
		{971682D0-E34F-4943-B70A-4A8D2B7528AD}.Release|x86.ActiveCfg = Release|Any CPU
		{971682D0-E34F-4943-B70A-4A8D2B7528AD}.Release|x86.Build.0 = Release|Any CPU
		{190B7C22-3E81-4F36-84E8-28A643E96C38}.Debug|Any CPU.ActiveCfg = Debug|Any CPU
		{190B7C22-3E81-4F36-84E8-28A643E96C38}.Debug|Any CPU.Build.0 = Debug|Any CPU
		{190B7C22-3E81-4F36-84E8-28A643E96C38}.Debug|x64.ActiveCfg = Debug|Any CPU
		{190B7C22-3E81-4F36-84E8-28A643E96C38}.Debug|x64.Build.0 = Debug|Any CPU
		{190B7C22-3E81-4F36-84E8-28A643E96C38}.Debug|x86.ActiveCfg = Debug|Any CPU
		{190B7C22-3E81-4F36-84E8-28A643E96C38}.Debug|x86.Build.0 = Debug|Any CPU
		{190B7C22-3E81-4F36-84E8-28A643E96C38}.Release|Any CPU.ActiveCfg = Release|Any CPU
		{190B7C22-3E81-4F36-84E8-28A643E96C38}.Release|Any CPU.Build.0 = Release|Any CPU
		{190B7C22-3E81-4F36-84E8-28A643E96C38}.Release|x64.ActiveCfg = Release|Any CPU
		{190B7C22-3E81-4F36-84E8-28A643E96C38}.Release|x64.Build.0 = Release|Any CPU
		{190B7C22-3E81-4F36-84E8-28A643E96C38}.Release|x86.ActiveCfg = Release|Any CPU
		{190B7C22-3E81-4F36-84E8-28A643E96C38}.Release|x86.Build.0 = Release|Any CPU
	EndGlobalSection
	GlobalSection(SolutionProperties) = preSolution
		HideSolutionNode = FALSE
	EndGlobalSection
	GlobalSection(NestedProjects) = preSolution
		{0FC2575C-0C2B-45FB-B2AB-1835FDAC4158} = {827E0CD3-B72D-47B6-A68D-7590B98EB39B}
		{971682D0-E34F-4943-B70A-4A8D2B7528AD} = {0AB3BF05-4346-4AA6-1389-037BE0695223}
		{190B7C22-3E81-4F36-84E8-28A643E96C38} = {827E0CD3-B72D-47B6-A68D-7590B98EB39B}
	EndGlobalSection
EndGlobal
